
Microsoft Visual Studio Solution File, Format Version 12.00
# Visual Studio Version 16
VisualStudioVersion = 16.0.28803.352
MinimumVisualStudioVersion = 15.0.26124.0
Project("{9A19103F-16F7-4668-BE54-9A1E7A4F7556}") = "Xamarin.Forms.Auth", "Xamarin.Forms.Auth\Xamarin.Forms.Auth.csproj", "{F00AE461-6168-425A-8FAF-CCB80C626D9F}"
EndProject
Project("{2150E333-8FDC-42A3-9474-1A3956D46DE8}") = "Solution Items", "Solution Items", "{CD2E562E-E40D-4D5A-8E26-0EF56192633E}"
	ProjectSection(SolutionItems) = preProject
		Analyzers.ruleset = Analyzers.ruleset
		Directory.build.props = Directory.build.props
		Directory.build.targets = Directory.build.targets
		global.json = global.json
		stylecop.json = stylecop.json
		..\version.json = ..\version.json
	EndProjectSection
EndProject
Global
	GlobalSection(SolutionConfigurationPlatforms) = preSolution
		Debug|Any CPU = Debug|Any CPU
		Debug|x64 = Debug|x64
		Debug|x86 = Debug|x86
		Release|Any CPU = Release|Any CPU
		Release|x64 = Release|x64
		Release|x86 = Release|x86
	EndGlobalSection
	GlobalSection(ProjectConfigurationPlatforms) = postSolution
		{F00AE461-6168-425A-8FAF-CCB80C626D9F}.Debug|Any CPU.ActiveCfg = Debug|Any CPU
		{F00AE461-6168-425A-8FAF-CCB80C626D9F}.Debug|Any CPU.Build.0 = Debug|Any CPU
		{F00AE461-6168-425A-8FAF-CCB80C626D9F}.Debug|x64.ActiveCfg = Debug|Any CPU
		{F00AE461-6168-425A-8FAF-CCB80C626D9F}.Debug|x64.Build.0 = Debug|Any CPU
		{F00AE461-6168-425A-8FAF-CCB80C626D9F}.Debug|x86.ActiveCfg = Debug|Any CPU
		{F00AE461-6168-425A-8FAF-CCB80C626D9F}.Debug|x86.Build.0 = Debug|Any CPU
		{F00AE461-6168-425A-8FAF-CCB80C626D9F}.Release|Any CPU.ActiveCfg = Release|Any CPU
		{F00AE461-6168-425A-8FAF-CCB80C626D9F}.Release|Any CPU.Build.0 = Release|Any CPU
		{F00AE461-6168-425A-8FAF-CCB80C626D9F}.Release|x64.ActiveCfg = Release|Any CPU
		{F00AE461-6168-425A-8FAF-CCB80C626D9F}.Release|x64.Build.0 = Release|Any CPU
		{F00AE461-6168-425A-8FAF-CCB80C626D9F}.Release|x86.ActiveCfg = Release|Any CPU
		{F00AE461-6168-425A-8FAF-CCB80C626D9F}.Release|x86.Build.0 = Release|Any CPU
	EndGlobalSection
	GlobalSection(SolutionProperties) = preSolution
		HideSolutionNode = FALSE
	EndGlobalSection
	GlobalSection(ExtensibilityGlobals) = postSolution
		SolutionGuid = {28409C06-365B-4DD8-B8B9-F6A2BC9E239A}
	EndGlobalSection
EndGlobal
